
Microsoft Visual Studio Solution File, Format Version 11.00
# Visual Studio 2010
Project("{FAE04EC0-301F-11D3-BF4B-00C04F79EFBC}") = "BAD", "BAD\BAD.csproj", "{BD579F7C-AFDF-4200-9698-5A4FA07D0D9B}"
EndProject
Project("{FAE04EC0-301F-11D3-BF4B-00C04F79EFBC}") = "GameEngine", "GameEngine\GameEngine.csproj", "{6B7B48E6-6CF0-4D22-BD1F-B021B92D1F05}"
EndProject
Global
	GlobalSection(SolutionConfigurationPlatforms) = preSolution
		Debug|Any CPU = Debug|Any CPU
		Debug|Mixed Platforms = Debug|Mixed Platforms
		Debug|x86 = Debug|x86
		Release|Any CPU = Release|Any CPU
		Release|Mixed Platforms = Release|Mixed Platforms
		Release|x86 = Release|x86
	EndGlobalSection
	GlobalSection(ProjectConfigurationPlatforms) = postSolution
		{BD579F7C-AFDF-4200-9698-5A4FA07D0D9B}.Debug|Any CPU.ActiveCfg = Debug|x86
		{BD579F7C-AFDF-4200-9698-5A4FA07D0D9B}.Debug|Mixed Platforms.ActiveCfg = Debug|x86
		{BD579F7C-AFDF-4200-9698-5A4FA07D0D9B}.Debug|Mixed Platforms.Build.0 = Debug|x86
		{BD579F7C-AFDF-4200-9698-5A4FA07D0D9B}.Debug|x86.ActiveCfg = Debug|x86
		{BD579F7C-AFDF-4200-9698-5A4FA07D0D9B}.Debug|x86.Build.0 = Debug|x86
		{BD579F7C-AFDF-4200-9698-5A4FA07D0D9B}.Release|Any CPU.ActiveCfg = Release|x86
		{BD579F7C-AFDF-4200-9698-5A4FA07D0D9B}.Release|Mixed Platforms.ActiveCfg = Release|x86
		{BD579F7C-AFDF-4200-9698-5A4FA07D0D9B}.Release|Mixed Platforms.Build.0 = Release|x86
		{BD579F7C-AFDF-4200-9698-5A4FA07D0D9B}.Release|x86.ActiveCfg = Release|x86
		{BD579F7C-AFDF-4200-9698-5A4FA07D0D9B}.Release|x86.Build.0 = Release|x86
		{6B7B48E6-6CF0-4D22-BD1F-B021B92D1F05}.Debug|Any CPU.ActiveCfg = Debug|Any CPU
		{6B7B48E6-6CF0-4D22-BD1F-B021B92D1F05}.Debug|Any CPU.Build.0 = Debug|Any CPU
		{6B7B48E6-6CF0-4D22-BD1F-B021B92D1F05}.Debug|Mixed Platforms.ActiveCfg = Debug|Any CPU
		{6B7B48E6-6CF0-4D22-BD1F-B021B92D1F05}.Debug|Mixed Platforms.Build.0 = Debug|Any CPU
		{6B7B48E6-6CF0-4D22-BD1F-B021B92D1F05}.Debug|x86.ActiveCfg = Debug|Any CPU
		{6B7B48E6-6CF0-4D22-BD1F-B021B92D1F05}.Release|Any CPU.ActiveCfg = Release|Any CPU
		{6B7B48E6-6CF0-4D22-BD1F-B021B92D1F05}.Release|Any CPU.Build.0 = Release|Any CPU
		{6B7B48E6-6CF0-4D22-BD1F-B021B92D1F05}.Release|Mixed Platforms.ActiveCfg = Release|Any CPU
		{6B7B48E6-6CF0-4D22-BD1F-B021B92D1F05}.Release|Mixed Platforms.Build.0 = Release|Any CPU
		{6B7B48E6-6CF0-4D22-BD1F-B021B92D1F05}.Release|x86.ActiveCfg = Release|Any CPU
	EndGlobalSection
	GlobalSection(SolutionProperties) = preSolution
		HideSolutionNode = FALSE
	EndGlobalSection
EndGlobal
